// !$*UTF8*$!
{
	archiveVersion = 1;
	classes = {
	};
	objectVersion = 50;
	objects = {

/* Begin PBXBuildFile section */
		3F2F3AD027109EC500CCAB5C /* StoryView.swift in Sources */ = {isa = PBXBuildFile; fileRef = 3F2F3ACF27109EC500CCAB5C /* StoryView.swift */; };
		3F41A4D6270DF83100E8DCFF /* IOS_Word_PlayApp.swift in Sources */ = {isa = PBXBuildFile; fileRef = 3F41A4D5270DF83100E8DCFF /* IOS_Word_PlayApp.swift */; };
		3F41A4D8270DF83100E8DCFF /* ContentView.swift in Sources */ = {isa = PBXBuildFile; fileRef = 3F41A4D7270DF83100E8DCFF /* ContentView.swift */; };
		3F41A4DA270DF83600E8DCFF /* Assets.xcassets in Resources */ = {isa = PBXBuildFile; fileRef = 3F41A4D9270DF83600E8DCFF /* Assets.xcassets */; };
		3F41A4DD270DF83600E8DCFF /* Preview Assets.xcassets in Resources */ = {isa = PBXBuildFile; fileRef = 3F41A4DC270DF83600E8DCFF /* Preview Assets.xcassets */; };
		3F41A4E8270DF83700E8DCFF /* IOS_Word_PlayTests.swift in Sources */ = {isa = PBXBuildFile; fileRef = 3F41A4E7270DF83700E8DCFF /* IOS_Word_PlayTests.swift */; };
		3F41A4F3270DF83700E8DCFF /* IOS_Word_PlayUITests.swift in Sources */ = {isa = PBXBuildFile; fileRef = 3F41A4F2270DF83700E8DCFF /* IOS_Word_PlayUITests.swift */; };
/* End PBXBuildFile section */

/* Begin PBXContainerItemProxy section */
		3F41A4E4270DF83700E8DCFF /* PBXContainerItemProxy */ = {
			isa = PBXContainerItemProxy;
			containerPortal = 3F41A4CA270DF83100E8DCFF /* Project object */;
			proxyType = 1;
			remoteGlobalIDString = 3F41A4D1270DF83100E8DCFF;
			remoteInfo = "IOS Word Play";
		};
		3F41A4EF270DF83700E8DCFF /* PBXContainerItemProxy */ = {
			isa = PBXContainerItemProxy;
			containerPortal = 3F41A4CA270DF83100E8DCFF /* Project object */;
			proxyType = 1;
			remoteGlobalIDString = 3F41A4D1270DF83100E8DCFF;
			remoteInfo = "IOS Word Play";
		};
/* End PBXContainerItemProxy section */

/* Begin PBXFileReference section */
		3F2F3ACF27109EC500CCAB5C /* StoryView.swift */ = {isa = PBXFileReference; lastKnownFileType = sourcecode.swift; path = StoryView.swift; sourceTree = "<group>"; };
		3F41A4D2270DF83100E8DCFF /* IOS Word Play.app */ = {isa = PBXFileReference; explicitFileType = wrapper.application; includeInIndex = 0; path = "IOS Word Play.app"; sourceTree = BUILT_PRODUCTS_DIR; };
		3F41A4D5270DF83100E8DCFF /* IOS_Word_PlayApp.swift */ = {isa = PBXFileReference; lastKnownFileType = sourcecode.swift; path = IOS_Word_PlayApp.swift; sourceTree = "<group>"; };
		3F41A4D7270DF83100E8DCFF /* ContentView.swift */ = {isa = PBXFileReference; lastKnownFileType = sourcecode.swift; path = ContentView.swift; sourceTree = "<group>"; };
		3F41A4D9270DF83600E8DCFF /* Assets.xcassets */ = {isa = PBXFileReference; lastKnownFileType = folder.assetcatalog; path = Assets.xcassets; sourceTree = "<group>"; };
		3F41A4DC270DF83600E8DCFF /* Preview Assets.xcassets */ = {isa = PBXFileReference; lastKnownFileType = folder.assetcatalog; path = "Preview Assets.xcassets"; sourceTree = "<group>"; };
		3F41A4DE270DF83600E8DCFF /* Info.plist */ = {isa = PBXFileReference; lastKnownFileType = text.plist.xml; path = Info.plist; sourceTree = "<group>"; };
		3F41A4E3270DF83700E8DCFF /* IOS Word PlayTests.xctest */ = {isa = PBXFileReference; explicitFileType = wrapper.cfbundle; includeInIndex = 0; path = "IOS Word PlayTests.xctest"; sourceTree = BUILT_PRODUCTS_DIR; };
		3F41A4E7270DF83700E8DCFF /* IOS_Word_PlayTests.swift */ = {isa = PBXFileReference; lastKnownFileType = sourcecode.swift; path = IOS_Word_PlayTests.swift; sourceTree = "<group>"; };
		3F41A4E9270DF83700E8DCFF /* Info.plist */ = {isa = PBXFileReference; lastKnownFileType = text.plist.xml; path = Info.plist; sourceTree = "<group>"; };
		3F41A4EE270DF83700E8DCFF /* IOS Word PlayUITests.xctest */ = {isa = PBXFileReference; explicitFileType = wrapper.cfbundle; includeInIndex = 0; path = "IOS Word PlayUITests.xctest"; sourceTree = BUILT_PRODUCTS_DIR; };
		3F41A4F2270DF83700E8DCFF /* IOS_Word_PlayUITests.swift */ = {isa = PBXFileReference; lastKnownFileType = sourcecode.swift; path = IOS_Word_PlayUITests.swift; sourceTree = "<group>"; };
		3F41A4F4270DF83700E8DCFF /* Info.plist */ = {isa = PBXFileReference; lastKnownFileType = text.plist.xml; path = Info.plist; sourceTree = "<group>"; };
/* End PBXFileReference section */

/* Begin PBXFrameworksBuildPhase section */
		3F41A4CF270DF83100E8DCFF /* Frameworks */ = {
			isa = PBXFrameworksBuildPhase;
			buildActionMask = 2147483647;
			files = (
			);
			runOnlyForDeploymentPostprocessing = 0;
		};
		3F41A4E0270DF83700E8DCFF /* Frameworks */ = {
			isa = PBXFrameworksBuildPhase;
			buildActionMask = 2147483647;
			files = (
			);
			runOnlyForDeploymentPostprocessing = 0;
		};
		3F41A4EB270DF83700E8DCFF /* Frameworks */ = {
			isa = PBXFrameworksBuildPhase;
			buildActionMask = 2147483647;
			files = (
			);
			runOnlyForDeploymentPostprocessing = 0;
		};
/* End PBXFrameworksBuildPhase section */

/* Begin PBXGroup section */
		3F41A4C9270DF83100E8DCFF = {
			isa = PBXGroup;
			children = (
				3F41A4D4270DF83100E8DCFF /* IOS Word Play */,
				3F41A4E6270DF83700E8DCFF /* IOS Word PlayTests */,
				3F41A4F1270DF83700E8DCFF /* IOS Word PlayUITests */,
				3F41A4D3270DF83100E8DCFF /* Products */,
			);
			sourceTree = "<group>";
		};
		3F41A4D3270DF83100E8DCFF /* Products */ = {
			isa = PBXGroup;
			children = (
				3F41A4D2270DF83100E8DCFF /* IOS Word Play.app */,
				3F41A4E3270DF83700E8DCFF /* IOS Word PlayTests.xctest */,
				3F41A4EE270DF83700E8DCFF /* IOS Word PlayUITests.xctest */,
			);
			name = Products;
			sourceTree = "<group>";
		};
		3F41A4D4270DF83100E8DCFF /* IOS Word Play */ = {
			isa = PBXGroup;
			children = (
				3F41A4D5270DF83100E8DCFF /* IOS_Word_PlayApp.swift */,
				3F41A4D7270DF83100E8DCFF /* ContentView.swift */,
				3F2F3ACF27109EC500CCAB5C /* StoryView.swift */,
				3F41A4D9270DF83600E8DCFF /* Assets.xcassets */,
				3F41A4DE270DF83600E8DCFF /* Info.plist */,
				3F41A4DB270DF83600E8DCFF /* Preview Content */,
			);
			path = "IOS Word Play";
			sourceTree = "<group>";
		};
		3F41A4DB270DF83600E8DCFF /* Preview Content */ = {
			isa = PBXGroup;
			children = (
				3F41A4DC270DF83600E8DCFF /* Preview Assets.xcassets */,
			);
			path = "Preview Content";
			sourceTree = "<group>";
		};
		3F41A4E6270DF83700E8DCFF /* IOS Word PlayTests */ = {
			isa = PBXGroup;
			children = (
				3F41A4E7270DF83700E8DCFF /* IOS_Word_PlayTests.swift */,
				3F41A4E9270DF83700E8DCFF /* Info.plist */,
			);
			path = "IOS Word PlayTests";
			sourceTree = "<group>";
		};
		3F41A4F1270DF83700E8DCFF /* IOS Word PlayUITests */ = {
			isa = PBXGroup;
			children = (
				3F41A4F2270DF83700E8DCFF /* IOS_Word_PlayUITests.swift */,
				3F41A4F4270DF83700E8DCFF /* Info.plist */,
			);
			path = "IOS Word PlayUITests";
			sourceTree = "<group>";
		};
/* End PBXGroup section */

/* Begin PBXNativeTarget section */
		3F41A4D1270DF83100E8DCFF /* IOS Word Play */ = {
			isa = PBXNativeTarget;
			buildConfigurationList = 3F41A4F7270DF83700E8DCFF /* Build configuration list for PBXNativeTarget "IOS Word Play" */;
			buildPhases = (
				3F41A4CE270DF83100E8DCFF /* Sources */,
				3F41A4CF270DF83100E8DCFF /* Frameworks */,
				3F41A4D0270DF83100E8DCFF /* Resources */,
			);
			buildRules = (
			);
			dependencies = (
			);
			name = "IOS Word Play";
			productName = "IOS Word Play";
			productReference = 3F41A4D2270DF83100E8DCFF /* IOS Word Play.app */;
			productType = "com.apple.product-type.application";
		};
		3F41A4E2270DF83700E8DCFF /* IOS Word PlayTests */ = {
			isa = PBXNativeTarget;
			buildConfigurationList = 3F41A4FA270DF83700E8DCFF /* Build configuration list for PBXNativeTarget "IOS Word PlayTests" */;
			buildPhases = (
				3F41A4DF270DF83700E8DCFF /* Sources */,
				3F41A4E0270DF83700E8DCFF /* Frameworks */,
				3F41A4E1270DF83700E8DCFF /* Resources */,
			);
			buildRules = (
			);
			dependencies = (
				3F41A4E5270DF83700E8DCFF /* PBXTargetDependency */,
			);
			name = "IOS Word PlayTests";
			productName = "IOS Word PlayTests";
			productReference = 3F41A4E3270DF83700E8DCFF /* IOS Word PlayTests.xctest */;
			productType = "com.apple.product-type.bundle.unit-test";
		};
		3F41A4ED270DF83700E8DCFF /* IOS Word PlayUITests */ = {
			isa = PBXNativeTarget;
			buildConfigurationList = 3F41A4FD270DF83700E8DCFF /* Build configuration list for PBXNativeTarget "IOS Word PlayUITests" */;
			buildPhases = (
				3F41A4EA270DF83700E8DCFF /* Sources */,
				3F41A4EB270DF83700E8DCFF /* Frameworks */,
				3F41A4EC270DF83700E8DCFF /* Resources */,
			);
			buildRules = (
			);
			dependencies = (
				3F41A4F0270DF83700E8DCFF /* PBXTargetDependency */,
			);
			name = "IOS Word PlayUITests";
			productName = "IOS Word PlayUITests";
			productReference = 3F41A4EE270DF83700E8DCFF /* IOS Word PlayUITests.xctest */;
			productType = "com.apple.product-type.bundle.ui-testing";
		};
/* End PBXNativeTarget section */

/* Begin PBXProject section */
		3F41A4CA270DF83100E8DCFF /* Project object */ = {
			isa = PBXProject;
			attributes = {
				LastSwiftUpdateCheck = 1250;
				LastUpgradeCheck = 1250;
				TargetAttributes = {
					3F41A4D1270DF83100E8DCFF = {
						CreatedOnToolsVersion = 12.5.1;
					};
					3F41A4E2270DF83700E8DCFF = {
						CreatedOnToolsVersion = 12.5.1;
						TestTargetID = 3F41A4D1270DF83100E8DCFF;
					};
					3F41A4ED270DF83700E8DCFF = {
						CreatedOnToolsVersion = 12.5.1;
						TestTargetID = 3F41A4D1270DF83100E8DCFF;
					};
				};
			};
			buildConfigurationList = 3F41A4CD270DF83100E8DCFF /* Build configuration list for PBXProject "IOS Word Play" */;
			compatibilityVersion = "Xcode 9.3";
			developmentRegion = en;
			hasScannedForEncodings = 0;
			knownRegions = (
				en,
				Base,
			);
			mainGroup = 3F41A4C9270DF83100E8DCFF;
			productRefGroup = 3F41A4D3270DF83100E8DCFF /* Products */;
			projectDirPath = "";
			projectRoot = "";
			targets = (
				3F41A4D1270DF83100E8DCFF /* IOS Word Play */,
				3F41A4E2270DF83700E8DCFF /* IOS Word PlayTests */,
				3F41A4ED270DF83700E8DCFF /* IOS Word PlayUITests */,
			);
		};
/* End PBXProject section */

/* Begin PBXResourcesBuildPhase section */
		3F41A4D0270DF83100E8DCFF /* Resources */ = {
			isa = PBXResourcesBuildPhase;
			buildActionMask = 2147483647;
			files = (
				3F41A4DD270DF83600E8DCFF /* Preview Assets.xcassets in Resources */,
				3F41A4DA270DF83600E8DCFF /* Assets.xcassets in Resources */,
			);
			runOnlyForDeploymentPostprocessing = 0;
		};
		3F41A4E1270DF83700E8DCFF /* Resources */ = {
			isa = PBXResourcesBuildPhase;
			buildActionMask = 2147483647;
			files = (
			);
			runOnlyForDeploymentPostprocessing = 0;
		};
		3F41A4EC270DF83700E8DCFF /* Resources */ = {
			isa = PBXResourcesBuildPhase;
			buildActionMask = 2147483647;
			files = (
			);
			runOnlyForDeploymentPostprocessing = 0;
		};
/* End PBXResourcesBuildPhase section */

/* Begin PBXSourcesBuildPhase section */
		3F41A4CE270DF83100E8DCFF /* Sources */ = {
			isa = PBXSourcesBuildPhase;
			buildActionMask = 2147483647;
			files = (
				3F2F3AD027109EC500CCAB5C /* StoryView.swift in Sources */,
				3F41A4D8270DF83100E8DCFF /* ContentView.swift in Sources */,
				3F41A4D6270DF83100E8DCFF /* IOS_Word_PlayApp.swift in Sources */,
			);
			runOnlyForDeploymentPostprocessing = 0;
		};
		3F41A4DF270DF83700E8DCFF /* Sources */ = {
			isa = PBXSourcesBuildPhase;
			buildActionMask = 2147483647;
			files = (
				3F41A4E8270DF83700E8DCFF /* IOS_Word_PlayTests.swift in Sources */,
			);
			runOnlyForDeploymentPostprocessing = 0;
		};
		3F41A4EA270DF83700E8DCFF /* Sources */ = {
			isa = PBXSourcesBuildPhase;
			buildActionMask = 2147483647;
			files = (
				3F41A4F3270DF83700E8DCFF /* IOS_Word_PlayUITests.swift in Sources */,
			);
			runOnlyForDeploymentPostprocessing = 0;
		};
/* End PBXSourcesBuildPhase section */

/* Begin PBXTargetDependency section */
		3F41A4E5270DF83700E8DCFF /* PBXTargetDependency */ = {
			isa = PBXTargetDependency;
			target = 3F41A4D1270DF83100E8DCFF /* IOS Word Play */;
			targetProxy = 3F41A4E4270DF83700E8DCFF /* PBXContainerItemProxy */;
		};
		3F41A4F0270DF83700E8DCFF /* PBXTargetDependency */ = {
			isa = PBXTargetDependency;
			target = 3F41A4D1270DF83100E8DCFF /* IOS Word Play */;
			targetProxy = 3F41A4EF270DF83700E8DCFF /* PBXContainerItemProxy */;
		};
/* End PBXTargetDependency section */

/* Begin XCBuildConfiguration section */
		3F41A4F5270DF83700E8DCFF /* Debug */ = {
			isa = XCBuildConfiguration;
			buildSettings = {
				ALWAYS_SEARCH_USER_PATHS = NO;
				CLANG_ANALYZER_NONNULL = YES;
				CLANG_ANALYZER_NUMBER_OBJECT_CONVERSION = YES_AGGRESSIVE;
				CLANG_CXX_LANGUAGE_STANDARD = "gnu++14";
				CLANG_CXX_LIBRARY = "libc++";
				CLANG_ENABLE_MODULES = YES;
				CLANG_ENABLE_OBJC_ARC = YES;
				CLANG_ENABLE_OBJC_WEAK = YES;
				CLANG_WARN_BLOCK_CAPTURE_AUTORELEASING = YES;
				CLANG_WARN_BOOL_CONVERSION = YES;
				CLANG_WARN_COMMA = YES;
				CLANG_WARN_CONSTANT_CONVERSION = YES;
				CLANG_WARN_DEPRECATED_OBJC_IMPLEMENTATIONS = YES;
				CLANG_WARN_DIRECT_OBJC_ISA_USAGE = YES_ERROR;
				CLANG_WARN_DOCUMENTATION_COMMENTS = YES;
				CLANG_WARN_EMPTY_BODY = YES;
				CLANG_WARN_ENUM_CONVERSION = YES;
				CLANG_WARN_INFINITE_RECURSION = YES;
				CLANG_WARN_INT_CONVERSION = YES;
				CLANG_WARN_NON_LITERAL_NULL_CONVERSION = YES;
				CLANG_WARN_OBJC_IMPLICIT_RETAIN_SELF = YES;
				CLANG_WARN_OBJC_LITERAL_CONVERSION = YES;
				CLANG_WARN_OBJC_ROOT_CLASS = YES_ERROR;
				CLANG_WARN_QUOTED_INCLUDE_IN_FRAMEWORK_HEADER = YES;
				CLANG_WARN_RANGE_LOOP_ANALYSIS = YES;
				CLANG_WARN_STRICT_PROTOTYPES = YES;
				CLANG_WARN_SUSPICIOUS_MOVE = YES;
				CLANG_WARN_UNGUARDED_AVAILABILITY = YES_AGGRESSIVE;
				CLANG_WARN_UNREACHABLE_CODE = YES;
				CLANG_WARN__DUPLICATE_METHOD_MATCH = YES;
				COPY_PHASE_STRIP = NO;
				DEBUG_INFORMATION_FORMAT = dwarf;
				ENABLE_STRICT_OBJC_MSGSEND = YES;
				ENABLE_TESTABILITY = YES;
				GCC_C_LANGUAGE_STANDARD = gnu11;
				GCC_DYNAMIC_NO_PIC = NO;
				GCC_NO_COMMON_BLOCKS = YES;
				GCC_OPTIMIZATION_LEVEL = 0;
				GCC_PREPROCESSOR_DEFINITIONS = (
					"DEBUG=1",
					"$(inherited)",
				);
				GCC_WARN_64_TO_32_BIT_CONVERSION = YES;
				GCC_WARN_ABOUT_RETURN_TYPE = YES_ERROR;
				GCC_WARN_UNDECLARED_SELECTOR = YES;
				GCC_WARN_UNINITIALIZED_AUTOS = YES_AGGRESSIVE;
				GCC_WARN_UNUSED_FUNCTION = YES;
				GCC_WARN_UNUSED_VARIABLE = YES;
				IPHONEOS_DEPLOYMENT_TARGET = 14.5;
				MTL_ENABLE_DEBUG_INFO = INCLUDE_SOURCE;
				MTL_FAST_MATH = YES;
				ONLY_ACTIVE_ARCH = YES;
				SDKROOT = iphoneos;
				SWIFT_ACTIVE_COMPILATION_CONDITIONS = DEBUG;
				SWIFT_OPTIMIZATION_LEVEL = "-Onone";
			};
			name = Debug;
		};
		3F41A4F6270DF83700E8DCFF /* Release */ = {
			isa = XCBuildConfiguration;
			buildSettings = {
				ALWAYS_SEARCH_USER_PATHS = NO;
				CLANG_ANALYZER_NONNULL = YES;
				CLANG_ANALYZER_NUMBER_OBJECT_CONVERSION = YES_AGGRESSIVE;
				CLANG_CXX_LANGUAGE_STANDARD = "gnu++14";
				CLANG_CXX_LIBRARY = "libc++";
				CLANG_ENABLE_MODULES = YES;
				CLANG_ENABLE_OBJC_ARC = YES;
				CLANG_ENABLE_OBJC_WEAK = YES;
				CLANG_WARN_BLOCK_CAPTURE_AUTORELEASING = YES;
				CLANG_WARN_BOOL_CONVERSION = YES;
				CLANG_WARN_COMMA = YES;
				CLANG_WARN_CONSTANT_CONVERSION = YES;
				CLANG_WARN_DEPRECATED_OBJC_IMPLEMENTATIONS = YES;
				CLANG_WARN_DIRECT_OBJC_ISA_USAGE = YES_ERROR;
				CLANG_WARN_DOCUMENTATION_COMMENTS = YES;
				CLANG_WARN_EMPTY_BODY = YES;
				CLANG_WARN_ENUM_CONVERSION = YES;
				CLANG_WARN_INFINITE_RECURSION = YES;
				CLANG_WARN_INT_CONVERSION = YES;
				CLANG_WARN_NON_LITERAL_NULL_CONVERSION = YES;
				CLANG_WARN_OBJC_IMPLICIT_RETAIN_SELF = YES;
				CLANG_WARN_OBJC_LITERAL_CONVERSION = YES;
				CLANG_WARN_OBJC_ROOT_CLASS = YES_ERROR;
				CLANG_WARN_QUOTED_INCLUDE_IN_FRAMEWORK_HEADER = YES;
				CLANG_WARN_RANGE_LOOP_ANALYSIS = YES;
				CLANG_WARN_STRICT_PROTOTYPES = YES;
				CLANG_WARN_SUSPICIOUS_MOVE = YES;
				CLANG_WARN_UNGUARDED_AVAILABILITY = YES_AGGRESSIVE;
				CLANG_WARN_UNREACHABLE_CODE = YES;
				CLANG_WARN__DUPLICATE_METHOD_MATCH = YES;
				COPY_PHASE_STRIP = NO;
				DEBUG_INFORMATION_FORMAT = "dwarf-with-dsym";
				ENABLE_NS_ASSERTIONS = NO;
				ENABLE_STRICT_OBJC_MSGSEND = YES;
				GCC_C_LANGUAGE_STANDARD = gnu11;
				GCC_NO_COMMON_BLOCKS = YES;
				GCC_WARN_64_TO_32_BIT_CONVERSION = YES;
				GCC_WARN_ABOUT_RETURN_TYPE = YES_ERROR;
				GCC_WARN_UNDECLARED_SELECTOR = YES;
				GCC_WARN_UNINITIALIZED_AUTOS = YES_AGGRESSIVE;
				GCC_WARN_UNUSED_FUNCTION = YES;
				GCC_WARN_UNUSED_VARIABLE = YES;
				IPHONEOS_DEPLOYMENT_TARGET = 14.5;
				MTL_ENABLE_DEBUG_INFO = NO;
				MTL_FAST_MATH = YES;
				SDKROOT = iphoneos;
				SWIFT_COMPILATION_MODE = wholemodule;
				SWIFT_OPTIMIZATION_LEVEL = "-O";
				VALIDATE_PRODUCT = YES;
			};
			name = Release;
		};
		3F41A4F8270DF83700E8DCFF /* Debug */ = {
			isa = XCBuildConfiguration;
			buildSettings = {
				ASSETCATALOG_COMPILER_APPICON_NAME = AppIcon;
				ASSETCATALOG_COMPILER_GLOBAL_ACCENT_COLOR_NAME = AccentColor;
				CODE_SIGN_STYLE = Automatic;
				DEVELOPMENT_ASSET_PATHS = "\"IOS Word Play/Preview Content\"";
				ENABLE_PREVIEWS = YES;
				INFOPLIST_FILE = "IOS Word Play/Info.plist";
				IPHONEOS_DEPLOYMENT_TARGET = 14.0;
				LD_RUNPATH_SEARCH_PATHS = (
					"$(inherited)",
					"@executable_path/Frameworks",
				);
				PRODUCT_BUNDLE_IDENTIFIER = "Mobile-apps-Multiply.IOS-Word-Play";
				PRODUCT_NAME = "$(TARGET_NAME)";
				SWIFT_VERSION = 5.0;
				TARGETED_DEVICE_FAMILY = "1,2";
			};
			name = Debug;
		};
		3F41A4F9270DF83700E8DCFF /* Release */ = {
			isa = XCBuildConfiguration;
			buildSettings = {
				ASSETCATALOG_COMPILER_APPICON_NAME = AppIcon;
				ASSETCATALOG_COMPILER_GLOBAL_ACCENT_COLOR_NAME = AccentColor;
				CODE_SIGN_STYLE = Automatic;
				DEVELOPMENT_ASSET_PATHS = "\"IOS Word Play/Preview Content\"";
				ENABLE_PREVIEWS = YES;
				INFOPLIST_FILE = "IOS Word Play/Info.plist";
				IPHONEOS_DEPLOYMENT_TARGET = 14.0;
				LD_RUNPATH_SEARCH_PATHS = (
					"$(inherited)",
					"@executable_path/Frameworks",
				);
				PRODUCT_BUNDLE_IDENTIFIER = "Mobile-apps-Multiply.IOS-Word-Play";
				PRODUCT_NAME = "$(TARGET_NAME)";
				SWIFT_VERSION = 5.0;
				TARGETED_DEVICE_FAMILY = "1,2";
			};
			name = Release;
		};
		3F41A4FB270DF83700E8DCFF /* Debug */ = {
			isa = XCBuildConfiguration;
			buildSettings = {
				ALWAYS_EMBED_SWIFT_STANDARD_LIBRARIES = YES;
				BUNDLE_LOADER = "$(TEST_HOST)";
				CODE_SIGN_STYLE = Automatic;
				INFOPLIST_FILE = "IOS Word PlayTests/Info.plist";
				IPHONEOS_DEPLOYMENT_TARGET = 14.0;
				LD_RUNPATH_SEARCH_PATHS = (
					"$(inherited)",
					"@executable_path/Frameworks",
					"@loader_path/Frameworks",
				);
				PRODUCT_BUNDLE_IDENTIFIER = "Mobile-apps-Multiply.IOS-Word-PlayTests";
				PRODUCT_NAME = "$(TARGET_NAME)";
				SWIFT_VERSION = 5.0;
				TARGETED_DEVICE_FAMILY = "1,2";
				TEST_HOST = "$(BUILT_PRODUCTS_DIR)/IOS Word Play.app/IOS Word Play";
			};
			name = Debug;
		};
		3F41A4FC270DF83700E8DCFF /* Release */ = {
			isa = XCBuildConfiguration;
			buildSettings = {
				ALWAYS_EMBED_SWIFT_STANDARD_LIBRARIES = YES;
				BUNDLE_LOADER = "$(TEST_HOST)";
				CODE_SIGN_STYLE = Automatic;
				INFOPLIST_FILE = "IOS Word PlayTests/Info.plist";
				IPHONEOS_DEPLOYMENT_TARGET = 14.0;
				LD_RUNPATH_SEARCH_PATHS = (
					"$(inherited)",
					"@executable_path/Frameworks",
					"@loader_path/Frameworks",
				);
				PRODUCT_BUNDLE_IDENTIFIER = "Mobile-apps-Multiply.IOS-Word-PlayTests";
				PRODUCT_NAME = "$(TARGET_NAME)";
				SWIFT_VERSION = 5.0;
				TARGETED_DEVICE_FAMILY = "1,2";
				TEST_HOST = "$(BUILT_PRODUCTS_DIR)/IOS Word Play.app/IOS Word Play";
			};
			name = Release;
		};
		3F41A4FE270DF83700E8DCFF /* Debug */ = {
			isa = XCBuildConfiguration;
			buildSettings = {
				ALWAYS_EMBED_SWIFT_STANDARD_LIBRARIES = YES;
				CODE_SIGN_STYLE = Automatic;
				INFOPLIST_FILE = "IOS Word PlayUITests/Info.plist";
				LD_RUNPATH_SEARCH_PATHS = (
					"$(inherited)",
					"@executable_path/Frameworks",
					"@loader_path/Frameworks",
				);
				PRODUCT_BUNDLE_IDENTIFIER = "Mobile-apps-Multiply.IOS-Word-PlayUITests";
				PRODUCT_NAME = "$(TARGET_NAME)";
				SWIFT_VERSION = 5.0;
				TARGETED_DEVICE_FAMILY = "1,2";
				TEST_TARGET_NAME = "IOS Word Play";
			};
			name = Debug;
		};
		3F41A4FF270DF83700E8DCFF /* Release */ = {
			isa = XCBuildConfiguration;
			buildSettings = {
				ALWAYS_EMBED_SWIFT_STANDARD_LIBRARIES = YES;
				CODE_SIGN_STYLE = Automatic;
				INFOPLIST_FILE = "IOS Word PlayUITests/Info.plist";
				LD_RUNPATH_SEARCH_PATHS = (
					"$(inherited)",
					"@executable_path/Frameworks",
					"@loader_path/Frameworks",
				);
				PRODUCT_BUNDLE_IDENTIFIER = "Mobile-apps-Multiply.IOS-Word-PlayUITests";
				PRODUCT_NAME = "$(TARGET_NAME)";
				SWIFT_VERSION = 5.0;
				TARGETED_DEVICE_FAMILY = "1,2";
				TEST_TARGET_NAME = "IOS Word Play";
			};
			name = Release;
		};
/* End XCBuildConfiguration section */

/* Begin XCConfigurationList section */
		3F41A4CD270DF83100E8DCFF /* Build configuration list for PBXProject "IOS Word Play" */ = {
			isa = XCConfigurationList;
			buildConfigurations = (
				3F41A4F5270DF83700E8DCFF /* Debug */,
				3F41A4F6270DF83700E8DCFF /* Release */,
			);
			defaultConfigurationIsVisible = 0;
			defaultConfigurationName = Release;
		};
		3F41A4F7270DF83700E8DCFF /* Build configuration list for PBXNativeTarget "IOS Word Play" */ = {
			isa = XCConfigurationList;
			buildConfigurations = (
				3F41A4F8270DF83700E8DCFF /* Debug */,
				3F41A4F9270DF83700E8DCFF /* Release */,
			);
			defaultConfigurationIsVisible = 0;
			defaultConfigurationName = Release;
		};
		3F41A4FA270DF83700E8DCFF /* Build configuration list for PBXNativeTarget "IOS Word PlayTests" */ = {
			isa = XCConfigurationList;
			buildConfigurations = (
				3F41A4FB270DF83700E8DCFF /* Debug */,
				3F41A4FC270DF83700E8DCFF /* Release */,
			);
			defaultConfigurationIsVisible = 0;
			defaultConfigurationName = Release;
		};
		3F41A4FD270DF83700E8DCFF /* Build configuration list for PBXNativeTarget "IOS Word PlayUITests" */ = {
			isa = XCConfigurationList;
			buildConfigurations = (
				3F41A4FE270DF83700E8DCFF /* Debug */,
				3F41A4FF270DF83700E8DCFF /* Release */,
			);
			defaultConfigurationIsVisible = 0;
			defaultConfigurationName = Release;
		};
/* End XCConfigurationList section */
	};
	rootObject = 3F41A4CA270DF83100E8DCFF /* Project object */;
}
